
Microsoft Visual Studio Solution File, Format Version 12.00
# Visual Studio 15
VisualStudioVersion = 15.0.27130.2036
MinimumVisualStudioVersion = 10.0.40219.1
Project("{8BC9CEB8-8B4A-11D0-8D11-00A0C91BC942}") = "benchmarksgame", "benchmarksgame.vcxproj", "{B300BC02-21F4-484C-B2A5-F6034D8F60D8}"
EndProject
Project("{8BC9CEB8-8B4A-11D0-8D11-00A0C91BC942}") = "msetl", "msetl\msetl.vcxproj", "{8BF94EB9-47B8-4338-93A5-01DEE42BBAC2}"
EndProject
Project("{8BC9CEB8-8B4A-11D0-8D11-00A0C91BC942}") = "nbody_u64q_unchecked", "nbody\nbody_u64q_unchecked\nbody_u64q_unchecked.vcxproj", "{46789A54-F761-49B5-9AE2-973971AFDCE3}"
EndProject
Project("{8BC9CEB8-8B4A-11D0-8D11-00A0C91BC942}") = "nbody_u64q_checked", "nbody\nbody_u64q_checked\nbody_u64q_checked.vcxproj", "{8FC3EB77-5DDD-476C-973A-B22C553EDDF0}"
EndProject
Project("{8BC9CEB8-8B4A-11D0-8D11-00A0C91BC942}") = "nbody_u64q_strict", "nbody\nbody_u64q_strict\nbody_u64q_strict.vcxproj", "{4D57E7C9-69DC-48EC-A3DA-502B1AC3BB46}"
EndProject
Project("{8BC9CEB8-8B4A-11D0-8D11-00A0C91BC942}") = "binary-trees-indices_u64q_unchecked", "binary-trees-indices\binary-trees-indices_u64q_unchecked\binary-trees-indices_u64q_unchecked.vcxproj", "{A83A1DB4-C61A-4574-8995-3F3E6C5010BB}"
EndProject
Project("{8BC9CEB8-8B4A-11D0-8D11-00A0C91BC942}") = "binary-trees-indices_u64q_checked", "binary-trees-indices\binary-trees-indices_u64q_checked\binary-trees-indices_u64q_checked.vcxproj", "{AD682D62-90DF-4278-929E-6827B44117C6}"
EndProject
Project("{8BC9CEB8-8B4A-11D0-8D11-00A0C91BC942}") = "binary-trees-indices_u64q_strict", "binary-trees-indices\binary-trees-indices_u64q_strict\binary-trees-indices_u64q_strict.vcxproj", "{4AD190B7-A7BC-45B7-8B07-984344CBFA62}"
EndProject
Project("{8BC9CEB8-8B4A-11D0-8D11-00A0C91BC942}") = "fasta_u64q_unchecked", "fasta\fasta_u64q_unchecked\fasta_u64q_unchecked.vcxproj", "{B5DCA39F-8EB4-4817-9962-C28F8EAF123B}"
EndProject
Project("{8BC9CEB8-8B4A-11D0-8D11-00A0C91BC942}") = "fasta_u64q_checked", "fasta\fasta_u64q_checked\fasta_u64q_checked.vcxproj", "{63B1539D-206F-4673-8A36-76BE5704A412}"
EndProject
Project("{8BC9CEB8-8B4A-11D0-8D11-00A0C91BC942}") = "fasta_u64q_strict", "fasta\fasta_u64q_strict\fasta_u64q_strict.vcxproj", "{4C6A806E-6E78-4BCB-A0C5-7E6C73587485}"
EndProject
Project("{8BC9CEB8-8B4A-11D0-8D11-00A0C91BC942}") = "mandelbrot_u64q_unchecked", "mandelbrot\mandelbrot_u64q_unchecked\mandelbrot_u64q_unchecked.vcxproj", "{D5787C53-FF13-4525-8D0C-17C9DED80B40}"
EndProject
Project("{8BC9CEB8-8B4A-11D0-8D11-00A0C91BC942}") = "mandelbrot_u64q_checked", "mandelbrot\mandelbrot_u64q_checked\mandelbrot_u64q_checked.vcxproj", "{6E205236-FD48-4D45-97F6-27B40EB26BC6}"
EndProject
Project("{8BC9CEB8-8B4A-11D0-8D11-00A0C91BC942}") = "mandelbrot_u64q_strict", "mandelbrot\mandelbrot_u64q_strict\mandelbrot_u64q_strict.vcxproj", "{D338A94E-768D-4C01-A175-28F5F2975E2F}"
EndProject
Project("{8BC9CEB8-8B4A-11D0-8D11-00A0C91BC942}") = "spectral-norm_u64q_unchecked", "spectral-norm\spectral-norm_u64q_unchecked\spectral-norm_u64q_unchecked.vcxproj", "{5DD8F248-766D-4AC7-92E9-7ABCC1E818AA}"
EndProject
Project("{8BC9CEB8-8B4A-11D0-8D11-00A0C91BC942}") = "spectral-norm_u64q_checked", "spectral-norm\spectral-norm_u64q_checked\spectral-norm_u64q_checked.vcxproj", "{0B2E42B8-35FC-453F-BDB5-1DE7103DC791}"
EndProject
Project("{8BC9CEB8-8B4A-11D0-8D11-00A0C91BC942}") = "spectral-norm_u64q_strict", "spectral-norm\spectral-norm_u64q_strict\spectral-norm_u64q_strict.vcxproj", "{8AB88093-3773-47FD-AF82-15425735F63D}"
EndProject
Global
	GlobalSection(SolutionConfigurationPlatforms) = preSolution
		Debug|x64 = Debug|x64
		Debug|x86 = Debug|x86
		Release|x64 = Release|x64
		Release|x86 = Release|x86
		Static Release|x64 = Static Release|x64
		Static Release|x86 = Static Release|x86
	EndGlobalSection
	GlobalSection(ProjectConfigurationPlatforms) = postSolution
		{B300BC02-21F4-484C-B2A5-F6034D8F60D8}.Debug|x64.ActiveCfg = Debug|x64
		{B300BC02-21F4-484C-B2A5-F6034D8F60D8}.Debug|x64.Build.0 = Debug|x64
		{B300BC02-21F4-484C-B2A5-F6034D8F60D8}.Debug|x86.ActiveCfg = Debug|Win32
		{B300BC02-21F4-484C-B2A5-F6034D8F60D8}.Debug|x86.Build.0 = Debug|Win32
		{B300BC02-21F4-484C-B2A5-F6034D8F60D8}.Release|x64.ActiveCfg = Release|x64
		{B300BC02-21F4-484C-B2A5-F6034D8F60D8}.Release|x64.Build.0 = Release|x64
		{B300BC02-21F4-484C-B2A5-F6034D8F60D8}.Release|x86.ActiveCfg = Release|Win32
		{B300BC02-21F4-484C-B2A5-F6034D8F60D8}.Release|x86.Build.0 = Release|Win32
		{B300BC02-21F4-484C-B2A5-F6034D8F60D8}.Static Release|x64.ActiveCfg = Static Release|x64
		{B300BC02-21F4-484C-B2A5-F6034D8F60D8}.Static Release|x64.Build.0 = Static Release|x64
		{B300BC02-21F4-484C-B2A5-F6034D8F60D8}.Static Release|x86.ActiveCfg = Static Release|Win32
		{B300BC02-21F4-484C-B2A5-F6034D8F60D8}.Static Release|x86.Build.0 = Static Release|Win32
		{8BF94EB9-47B8-4338-93A5-01DEE42BBAC2}.Debug|x64.ActiveCfg = Debug|x64
		{8BF94EB9-47B8-4338-93A5-01DEE42BBAC2}.Debug|x64.Build.0 = Debug|x64
		{8BF94EB9-47B8-4338-93A5-01DEE42BBAC2}.Debug|x86.ActiveCfg = Debug|Win32
		{8BF94EB9-47B8-4338-93A5-01DEE42BBAC2}.Debug|x86.Build.0 = Debug|Win32
		{8BF94EB9-47B8-4338-93A5-01DEE42BBAC2}.Release|x64.ActiveCfg = Release|x64
		{8BF94EB9-47B8-4338-93A5-01DEE42BBAC2}.Release|x64.Build.0 = Release|x64
		{8BF94EB9-47B8-4338-93A5-01DEE42BBAC2}.Release|x86.ActiveCfg = Release|Win32
		{8BF94EB9-47B8-4338-93A5-01DEE42BBAC2}.Release|x86.Build.0 = Release|Win32
		{8BF94EB9-47B8-4338-93A5-01DEE42BBAC2}.Static Release|x64.ActiveCfg = Static Release|x64
		{8BF94EB9-47B8-4338-93A5-01DEE42BBAC2}.Static Release|x64.Build.0 = Static Release|x64
		{8BF94EB9-47B8-4338-93A5-01DEE42BBAC2}.Static Release|x64.Deploy.0 = Static Release|x64
		{8BF94EB9-47B8-4338-93A5-01DEE42BBAC2}.Static Release|x86.ActiveCfg = Static Release|Win32
		{8BF94EB9-47B8-4338-93A5-01DEE42BBAC2}.Static Release|x86.Build.0 = Static Release|Win32
		{8BF94EB9-47B8-4338-93A5-01DEE42BBAC2}.Static Release|x86.Deploy.0 = Static Release|Win32
		{46789A54-F761-49B5-9AE2-973971AFDCE3}.Debug|x64.ActiveCfg = Debug|x64
		{46789A54-F761-49B5-9AE2-973971AFDCE3}.Debug|x64.Build.0 = Debug|x64
		{46789A54-F761-49B5-9AE2-973971AFDCE3}.Debug|x86.ActiveCfg = Debug|Win32
		{46789A54-F761-49B5-9AE2-973971AFDCE3}.Debug|x86.Build.0 = Debug|Win32
		{46789A54-F761-49B5-9AE2-973971AFDCE3}.Release|x64.ActiveCfg = Release|x64
		{46789A54-F761-49B5-9AE2-973971AFDCE3}.Release|x64.Build.0 = Release|x64
		{46789A54-F761-49B5-9AE2-973971AFDCE3}.Release|x86.ActiveCfg = Release|Win32
		{46789A54-F761-49B5-9AE2-973971AFDCE3}.Release|x86.Build.0 = Release|Win32
		{46789A54-F761-49B5-9AE2-973971AFDCE3}.Static Release|x64.ActiveCfg = Static Release|x64
		{46789A54-F761-49B5-9AE2-973971AFDCE3}.Static Release|x64.Build.0 = Static Release|x64
		{46789A54-F761-49B5-9AE2-973971AFDCE3}.Static Release|x86.ActiveCfg = Static Release|Win32
		{46789A54-F761-49B5-9AE2-973971AFDCE3}.Static Release|x86.Build.0 = Static Release|Win32
		{8FC3EB77-5DDD-476C-973A-B22C553EDDF0}.Debug|x64.ActiveCfg = Debug|x64
		{8FC3EB77-5DDD-476C-973A-B22C553EDDF0}.Debug|x64.Build.0 = Debug|x64
		{8FC3EB77-5DDD-476C-973A-B22C553EDDF0}.Debug|x86.ActiveCfg = Debug|Win32
		{8FC3EB77-5DDD-476C-973A-B22C553EDDF0}.Debug|x86.Build.0 = Debug|Win32
		{8FC3EB77-5DDD-476C-973A-B22C553EDDF0}.Release|x64.ActiveCfg = Release|x64
		{8FC3EB77-5DDD-476C-973A-B22C553EDDF0}.Release|x64.Build.0 = Release|x64
		{8FC3EB77-5DDD-476C-973A-B22C553EDDF0}.Release|x86.ActiveCfg = Release|Win32
		{8FC3EB77-5DDD-476C-973A-B22C553EDDF0}.Release|x86.Build.0 = Release|Win32
		{8FC3EB77-5DDD-476C-973A-B22C553EDDF0}.Static Release|x64.ActiveCfg = Static Release|x64
		{8FC3EB77-5DDD-476C-973A-B22C553EDDF0}.Static Release|x64.Build.0 = Static Release|x64
		{8FC3EB77-5DDD-476C-973A-B22C553EDDF0}.Static Release|x86.ActiveCfg = Static Release|Win32
		{8FC3EB77-5DDD-476C-973A-B22C553EDDF0}.Static Release|x86.Build.0 = Static Release|Win32
		{4D57E7C9-69DC-48EC-A3DA-502B1AC3BB46}.Debug|x64.ActiveCfg = Debug|x64
		{4D57E7C9-69DC-48EC-A3DA-502B1AC3BB46}.Debug|x64.Build.0 = Debug|x64
		{4D57E7C9-69DC-48EC-A3DA-502B1AC3BB46}.Debug|x86.ActiveCfg = Debug|Win32
		{4D57E7C9-69DC-48EC-A3DA-502B1AC3BB46}.Debug|x86.Build.0 = Debug|Win32
		{4D57E7C9-69DC-48EC-A3DA-502B1AC3BB46}.Release|x64.ActiveCfg = Release|x64
		{4D57E7C9-69DC-48EC-A3DA-502B1AC3BB46}.Release|x64.Build.0 = Release|x64
		{4D57E7C9-69DC-48EC-A3DA-502B1AC3BB46}.Release|x86.ActiveCfg = Release|Win32
		{4D57E7C9-69DC-48EC-A3DA-502B1AC3BB46}.Release|x86.Build.0 = Release|Win32
		{4D57E7C9-69DC-48EC-A3DA-502B1AC3BB46}.Static Release|x64.ActiveCfg = Static Release|x64
		{4D57E7C9-69DC-48EC-A3DA-502B1AC3BB46}.Static Release|x64.Build.0 = Static Release|x64
		{4D57E7C9-69DC-48EC-A3DA-502B1AC3BB46}.Static Release|x86.ActiveCfg = Static Release|Win32
		{4D57E7C9-69DC-48EC-A3DA-502B1AC3BB46}.Static Release|x86.Build.0 = Static Release|Win32
		{A83A1DB4-C61A-4574-8995-3F3E6C5010BB}.Debug|x64.ActiveCfg = Debug|x64
		{A83A1DB4-C61A-4574-8995-3F3E6C5010BB}.Debug|x64.Build.0 = Debug|x64
		{A83A1DB4-C61A-4574-8995-3F3E6C5010BB}.Debug|x86.ActiveCfg = Debug|Win32
		{A83A1DB4-C61A-4574-8995-3F3E6C5010BB}.Debug|x86.Build.0 = Debug|Win32
		{A83A1DB4-C61A-4574-8995-3F3E6C5010BB}.Release|x64.ActiveCfg = Release|x64
		{A83A1DB4-C61A-4574-8995-3F3E6C5010BB}.Release|x64.Build.0 = Release|x64
		{A83A1DB4-C61A-4574-8995-3F3E6C5010BB}.Release|x86.ActiveCfg = Release|Win32
		{A83A1DB4-C61A-4574-8995-3F3E6C5010BB}.Release|x86.Build.0 = Release|Win32
		{A83A1DB4-C61A-4574-8995-3F3E6C5010BB}.Static Release|x64.ActiveCfg = Static Release|x64
		{A83A1DB4-C61A-4574-8995-3F3E6C5010BB}.Static Release|x64.Build.0 = Static Release|x64
		{A83A1DB4-C61A-4574-8995-3F3E6C5010BB}.Static Release|x86.ActiveCfg = Static Release|Win32
		{A83A1DB4-C61A-4574-8995-3F3E6C5010BB}.Static Release|x86.Build.0 = Static Release|Win32
		{AD682D62-90DF-4278-929E-6827B44117C6}.Debug|x64.ActiveCfg = Debug|x64
		{AD682D62-90DF-4278-929E-6827B44117C6}.Debug|x64.Build.0 = Debug|x64
		{AD682D62-90DF-4278-929E-6827B44117C6}.Debug|x86.ActiveCfg = Debug|Win32
		{AD682D62-90DF-4278-929E-6827B44117C6}.Debug|x86.Build.0 = Debug|Win32
		{AD682D62-90DF-4278-929E-6827B44117C6}.Release|x64.ActiveCfg = Release|x64
		{AD682D62-90DF-4278-929E-6827B44117C6}.Release|x64.Build.0 = Release|x64
		{AD682D62-90DF-4278-929E-6827B44117C6}.Release|x86.ActiveCfg = Release|Win32
		{AD682D62-90DF-4278-929E-6827B44117C6}.Release|x86.Build.0 = Release|Win32
		{AD682D62-90DF-4278-929E-6827B44117C6}.Static Release|x64.ActiveCfg = Static Release|x64
		{AD682D62-90DF-4278-929E-6827B44117C6}.Static Release|x64.Build.0 = Static Release|x64
		{AD682D62-90DF-4278-929E-6827B44117C6}.Static Release|x86.ActiveCfg = Static Release|Win32
		{AD682D62-90DF-4278-929E-6827B44117C6}.Static Release|x86.Build.0 = Static Release|Win32
		{4AD190B7-A7BC-45B7-8B07-984344CBFA62}.Debug|x64.ActiveCfg = Debug|x64
		{4AD190B7-A7BC-45B7-8B07-984344CBFA62}.Debug|x64.Build.0 = Debug|x64
		{4AD190B7-A7BC-45B7-8B07-984344CBFA62}.Debug|x86.ActiveCfg = Debug|Win32
		{4AD190B7-A7BC-45B7-8B07-984344CBFA62}.Debug|x86.Build.0 = Debug|Win32
		{4AD190B7-A7BC-45B7-8B07-984344CBFA62}.Release|x64.ActiveCfg = Release|x64
		{4AD190B7-A7BC-45B7-8B07-984344CBFA62}.Release|x64.Build.0 = Release|x64
		{4AD190B7-A7BC-45B7-8B07-984344CBFA62}.Release|x86.ActiveCfg = Release|Win32
		{4AD190B7-A7BC-45B7-8B07-984344CBFA62}.Release|x86.Build.0 = Release|Win32
		{4AD190B7-A7BC-45B7-8B07-984344CBFA62}.Static Release|x64.ActiveCfg = Static Release|x64
		{4AD190B7-A7BC-45B7-8B07-984344CBFA62}.Static Release|x64.Build.0 = Static Release|x64
		{4AD190B7-A7BC-45B7-8B07-984344CBFA62}.Static Release|x86.ActiveCfg = Static Release|Win32
		{4AD190B7-A7BC-45B7-8B07-984344CBFA62}.Static Release|x86.Build.0 = Static Release|Win32
		{B5DCA39F-8EB4-4817-9962-C28F8EAF123B}.Debug|x64.ActiveCfg = Debug|x64
		{B5DCA39F-8EB4-4817-9962-C28F8EAF123B}.Debug|x64.Build.0 = Debug|x64
		{B5DCA39F-8EB4-4817-9962-C28F8EAF123B}.Debug|x86.ActiveCfg = Debug|Win32
		{B5DCA39F-8EB4-4817-9962-C28F8EAF123B}.Debug|x86.Build.0 = Debug|Win32
		{B5DCA39F-8EB4-4817-9962-C28F8EAF123B}.Release|x64.ActiveCfg = Release|x64
		{B5DCA39F-8EB4-4817-9962-C28F8EAF123B}.Release|x64.Build.0 = Release|x64
		{B5DCA39F-8EB4-4817-9962-C28F8EAF123B}.Release|x86.ActiveCfg = Release|Win32
		{B5DCA39F-8EB4-4817-9962-C28F8EAF123B}.Release|x86.Build.0 = Release|Win32
		{B5DCA39F-8EB4-4817-9962-C28F8EAF123B}.Static Release|x64.ActiveCfg = Static Release|x64
		{B5DCA39F-8EB4-4817-9962-C28F8EAF123B}.Static Release|x64.Build.0 = Static Release|x64
		{B5DCA39F-8EB4-4817-9962-C28F8EAF123B}.Static Release|x86.ActiveCfg = Static Release|Win32
		{B5DCA39F-8EB4-4817-9962-C28F8EAF123B}.Static Release|x86.Build.0 = Static Release|Win32
		{63B1539D-206F-4673-8A36-76BE5704A412}.Debug|x64.ActiveCfg = Debug|x64
		{63B1539D-206F-4673-8A36-76BE5704A412}.Debug|x64.Build.0 = Debug|x64
		{63B1539D-206F-4673-8A36-76BE5704A412}.Debug|x86.ActiveCfg = Debug|Win32
		{63B1539D-206F-4673-8A36-76BE5704A412}.Debug|x86.Build.0 = Debug|Win32
		{63B1539D-206F-4673-8A36-76BE5704A412}.Release|x64.ActiveCfg = Release|x64
		{63B1539D-206F-4673-8A36-76BE5704A412}.Release|x64.Build.0 = Release|x64
		{63B1539D-206F-4673-8A36-76BE5704A412}.Release|x86.ActiveCfg = Release|Win32
		{63B1539D-206F-4673-8A36-76BE5704A412}.Release|x86.Build.0 = Release|Win32
		{63B1539D-206F-4673-8A36-76BE5704A412}.Static Release|x64.ActiveCfg = Static Release|x64
		{63B1539D-206F-4673-8A36-76BE5704A412}.Static Release|x64.Build.0 = Static Release|x64
		{63B1539D-206F-4673-8A36-76BE5704A412}.Static Release|x86.ActiveCfg = Static Release|Win32
		{63B1539D-206F-4673-8A36-76BE5704A412}.Static Release|x86.Build.0 = Static Release|Win32
		{4C6A806E-6E78-4BCB-A0C5-7E6C73587485}.Debug|x64.ActiveCfg = Debug|x64
		{4C6A806E-6E78-4BCB-A0C5-7E6C73587485}.Debug|x64.Build.0 = Debug|x64
		{4C6A806E-6E78-4BCB-A0C5-7E6C73587485}.Debug|x86.ActiveCfg = Debug|Win32
		{4C6A806E-6E78-4BCB-A0C5-7E6C73587485}.Debug|x86.Build.0 = Debug|Win32
		{4C6A806E-6E78-4BCB-A0C5-7E6C73587485}.Release|x64.ActiveCfg = Release|x64
		{4C6A806E-6E78-4BCB-A0C5-7E6C73587485}.Release|x64.Build.0 = Release|x64
		{4C6A806E-6E78-4BCB-A0C5-7E6C73587485}.Release|x86.ActiveCfg = Release|Win32
		{4C6A806E-6E78-4BCB-A0C5-7E6C73587485}.Release|x86.Build.0 = Release|Win32
		{4C6A806E-6E78-4BCB-A0C5-7E6C73587485}.Static Release|x64.ActiveCfg = Static Release|x64
		{4C6A806E-6E78-4BCB-A0C5-7E6C73587485}.Static Release|x64.Build.0 = Static Release|x64
		{4C6A806E-6E78-4BCB-A0C5-7E6C73587485}.Static Release|x86.ActiveCfg = Static Release|Win32
		{4C6A806E-6E78-4BCB-A0C5-7E6C73587485}.Static Release|x86.Build.0 = Static Release|Win32
		{D5787C53-FF13-4525-8D0C-17C9DED80B40}.Debug|x64.ActiveCfg = Debug|x64
		{D5787C53-FF13-4525-8D0C-17C9DED80B40}.Debug|x64.Build.0 = Debug|x64
		{D5787C53-FF13-4525-8D0C-17C9DED80B40}.Debug|x86.ActiveCfg = Debug|Win32
		{D5787C53-FF13-4525-8D0C-17C9DED80B40}.Debug|x86.Build.0 = Debug|Win32
		{D5787C53-FF13-4525-8D0C-17C9DED80B40}.Release|x64.ActiveCfg = Release|x64
		{D5787C53-FF13-4525-8D0C-17C9DED80B40}.Release|x64.Build.0 = Release|x64
		{D5787C53-FF13-4525-8D0C-17C9DED80B40}.Release|x86.ActiveCfg = Release|Win32
		{D5787C53-FF13-4525-8D0C-17C9DED80B40}.Release|x86.Build.0 = Release|Win32
		{D5787C53-FF13-4525-8D0C-17C9DED80B40}.Static Release|x64.ActiveCfg = Static Release|x64
		{D5787C53-FF13-4525-8D0C-17C9DED80B40}.Static Release|x64.Build.0 = Static Release|x64
		{D5787C53-FF13-4525-8D0C-17C9DED80B40}.Static Release|x86.ActiveCfg = Static Release|Win32
		{D5787C53-FF13-4525-8D0C-17C9DED80B40}.Static Release|x86.Build.0 = Static Release|Win32
		{6E205236-FD48-4D45-97F6-27B40EB26BC6}.Debug|x64.ActiveCfg = Debug|x64
		{6E205236-FD48-4D45-97F6-27B40EB26BC6}.Debug|x64.Build.0 = Debug|x64
		{6E205236-FD48-4D45-97F6-27B40EB26BC6}.Debug|x86.ActiveCfg = Debug|Win32
		{6E205236-FD48-4D45-97F6-27B40EB26BC6}.Debug|x86.Build.0 = Debug|Win32
		{6E205236-FD48-4D45-97F6-27B40EB26BC6}.Release|x64.ActiveCfg = Release|x64
		{6E205236-FD48-4D45-97F6-27B40EB26BC6}.Release|x64.Build.0 = Release|x64
		{6E205236-FD48-4D45-97F6-27B40EB26BC6}.Release|x86.ActiveCfg = Release|Win32
		{6E205236-FD48-4D45-97F6-27B40EB26BC6}.Release|x86.Build.0 = Release|Win32
		{6E205236-FD48-4D45-97F6-27B40EB26BC6}.Static Release|x64.ActiveCfg = Static Release|x64
		{6E205236-FD48-4D45-97F6-27B40EB26BC6}.Static Release|x64.Build.0 = Static Release|x64
		{6E205236-FD48-4D45-97F6-27B40EB26BC6}.Static Release|x86.ActiveCfg = Static Release|Win32
		{6E205236-FD48-4D45-97F6-27B40EB26BC6}.Static Release|x86.Build.0 = Static Release|Win32
		{D338A94E-768D-4C01-A175-28F5F2975E2F}.Debug|x64.ActiveCfg = Debug|x64
		{D338A94E-768D-4C01-A175-28F5F2975E2F}.Debug|x64.Build.0 = Debug|x64
		{D338A94E-768D-4C01-A175-28F5F2975E2F}.Debug|x86.ActiveCfg = Debug|Win32
		{D338A94E-768D-4C01-A175-28F5F2975E2F}.Debug|x86.Build.0 = Debug|Win32
		{D338A94E-768D-4C01-A175-28F5F2975E2F}.Release|x64.ActiveCfg = Release|x64
		{D338A94E-768D-4C01-A175-28F5F2975E2F}.Release|x64.Build.0 = Release|x64
		{D338A94E-768D-4C01-A175-28F5F2975E2F}.Release|x86.ActiveCfg = Release|Win32
		{D338A94E-768D-4C01-A175-28F5F2975E2F}.Release|x86.Build.0 = Release|Win32
		{D338A94E-768D-4C01-A175-28F5F2975E2F}.Static Release|x64.ActiveCfg = Static Release|x64
		{D338A94E-768D-4C01-A175-28F5F2975E2F}.Static Release|x64.Build.0 = Static Release|x64
		{D338A94E-768D-4C01-A175-28F5F2975E2F}.Static Release|x86.ActiveCfg = Static Release|Win32
		{D338A94E-768D-4C01-A175-28F5F2975E2F}.Static Release|x86.Build.0 = Static Release|Win32
		{5DD8F248-766D-4AC7-92E9-7ABCC1E818AA}.Debug|x64.ActiveCfg = Debug|x64
		{5DD8F248-766D-4AC7-92E9-7ABCC1E818AA}.Debug|x64.Build.0 = Debug|x64
		{5DD8F248-766D-4AC7-92E9-7ABCC1E818AA}.Debug|x86.ActiveCfg = Debug|Win32
		{5DD8F248-766D-4AC7-92E9-7ABCC1E818AA}.Debug|x86.Build.0 = Debug|Win32
		{5DD8F248-766D-4AC7-92E9-7ABCC1E818AA}.Release|x64.ActiveCfg = Release|x64
		{5DD8F248-766D-4AC7-92E9-7ABCC1E818AA}.Release|x64.Build.0 = Release|x64
		{5DD8F248-766D-4AC7-92E9-7ABCC1E818AA}.Release|x86.ActiveCfg = Release|Win32
		{5DD8F248-766D-4AC7-92E9-7ABCC1E818AA}.Release|x86.Build.0 = Release|Win32
		{5DD8F248-766D-4AC7-92E9-7ABCC1E818AA}.Static Release|x64.ActiveCfg = Static Release|x64
		{5DD8F248-766D-4AC7-92E9-7ABCC1E818AA}.Static Release|x64.Build.0 = Static Release|x64
		{5DD8F248-766D-4AC7-92E9-7ABCC1E818AA}.Static Release|x86.ActiveCfg = Static Release|Win32
		{5DD8F248-766D-4AC7-92E9-7ABCC1E818AA}.Static Release|x86.Build.0 = Static Release|Win32
		{0B2E42B8-35FC-453F-BDB5-1DE7103DC791}.Debug|x64.ActiveCfg = Debug|x64
		{0B2E42B8-35FC-453F-BDB5-1DE7103DC791}.Debug|x64.Build.0 = Debug|x64
		{0B2E42B8-35FC-453F-BDB5-1DE7103DC791}.Debug|x86.ActiveCfg = Debug|Win32
		{0B2E42B8-35FC-453F-BDB5-1DE7103DC791}.Debug|x86.Build.0 = Debug|Win32
		{0B2E42B8-35FC-453F-BDB5-1DE7103DC791}.Release|x64.ActiveCfg = Release|x64
		{0B2E42B8-35FC-453F-BDB5-1DE7103DC791}.Release|x64.Build.0 = Release|x64
		{0B2E42B8-35FC-453F-BDB5-1DE7103DC791}.Release|x86.ActiveCfg = Release|Win32
		{0B2E42B8-35FC-453F-BDB5-1DE7103DC791}.Release|x86.Build.0 = Release|Win32
		{0B2E42B8-35FC-453F-BDB5-1DE7103DC791}.Static Release|x64.ActiveCfg = Static Release|x64
		{0B2E42B8-35FC-453F-BDB5-1DE7103DC791}.Static Release|x64.Build.0 = Static Release|x64
		{0B2E42B8-35FC-453F-BDB5-1DE7103DC791}.Static Release|x86.ActiveCfg = Static Release|Win32
		{0B2E42B8-35FC-453F-BDB5-1DE7103DC791}.Static Release|x86.Build.0 = Static Release|Win32
		{8AB88093-3773-47FD-AF82-15425735F63D}.Debug|x64.ActiveCfg = Debug|x64
		{8AB88093-3773-47FD-AF82-15425735F63D}.Debug|x64.Build.0 = Debug|x64
		{8AB88093-3773-47FD-AF82-15425735F63D}.Debug|x86.ActiveCfg = Debug|Win32
		{8AB88093-3773-47FD-AF82-15425735F63D}.Debug|x86.Build.0 = Debug|Win32
		{8AB88093-3773-47FD-AF82-15425735F63D}.Release|x64.ActiveCfg = Release|x64
		{8AB88093-3773-47FD-AF82-15425735F63D}.Release|x64.Build.0 = Release|x64
		{8AB88093-3773-47FD-AF82-15425735F63D}.Release|x86.ActiveCfg = Release|Win32
		{8AB88093-3773-47FD-AF82-15425735F63D}.Release|x86.Build.0 = Release|Win32
		{8AB88093-3773-47FD-AF82-15425735F63D}.Static Release|x64.ActiveCfg = Static Release|x64
		{8AB88093-3773-47FD-AF82-15425735F63D}.Static Release|x64.Build.0 = Static Release|x64
		{8AB88093-3773-47FD-AF82-15425735F63D}.Static Release|x86.ActiveCfg = Static Release|Win32
		{8AB88093-3773-47FD-AF82-15425735F63D}.Static Release|x86.Build.0 = Static Release|Win32
	EndGlobalSection
	GlobalSection(SolutionProperties) = preSolution
		HideSolutionNode = FALSE
	EndGlobalSection
	GlobalSection(ExtensibilityGlobals) = postSolution
		SolutionGuid = {FEBB0280-AE55-499E-9E13-1F68DBB85ED7}
	EndGlobalSection
EndGlobal
